
Microsoft Visual Studio Solution File, Format Version 12.00
# Visual Studio Version 16
VisualStudioVersion = 16.0.30114.105
MinimumVisualStudioVersion = 10.0.40219.1
Project("{FAE04EC0-301F-11D3-BF4B-00C04F79EFBC}") = "AdventOfCode", "AdventOfCode\AdventOfCode.csproj", "{F3620447-5B58-4CE0-A918-EF6E8248F1C3}"
EndProject
Project("{FAE04EC0-301F-11D3-BF4B-00C04F79EFBC}") = "AdventOfCode.Tests", "AdventOfCode.Tests\AdventOfCode.Tests.csproj", "{B76ECD6D-831B-4E0B-85AA-325AFD6E3071}"
EndProject
Global
	GlobalSection(SolutionConfigurationPlatforms) = preSolution
		Debug|Any CPU = Debug|Any CPU
		Release|Any CPU = Release|Any CPU
	EndGlobalSection
	GlobalSection(SolutionProperties) = preSolution
		HideSolutionNode = FALSE
	EndGlobalSection
	GlobalSection(ProjectConfigurationPlatforms) = postSolution
		{F3620447-5B58-4CE0-A918-EF6E8248F1C3}.Debug|Any CPU.ActiveCfg = Debug|Any CPU
		{F3620447-5B58-4CE0-A918-EF6E8248F1C3}.Debug|Any CPU.Build.0 = Debug|Any CPU
		{F3620447-5B58-4CE0-A918-EF6E8248F1C3}.Release|Any CPU.ActiveCfg = Release|Any CPU
		{F3620447-5B58-4CE0-A918-EF6E8248F1C3}.Release|Any CPU.Build.0 = Release|Any CPU
		{B76ECD6D-831B-4E0B-85AA-325AFD6E3071}.Debug|Any CPU.ActiveCfg = Debug|Any CPU
		{B76ECD6D-831B-4E0B-85AA-325AFD6E3071}.Debug|Any CPU.Build.0 = Debug|Any CPU
		{B76ECD6D-831B-4E0B-85AA-325AFD6E3071}.Release|Any CPU.ActiveCfg = Release|Any CPU
		{B76ECD6D-831B-4E0B-85AA-325AFD6E3071}.Release|Any CPU.Build.0 = Release|Any CPU
	EndGlobalSection
EndGlobal
